
Microsoft Visual Studio Solution File, Format Version 12.00
# Visual Studio Version 16
VisualStudioVersion = 16.0.29926.136
MinimumVisualStudioVersion = 10.0.40219.1
Project("{FAE04EC0-301F-11D3-BF4B-00C04F79EFBC}") = "SpiesProj", "SpiesProj\SpiesProj.csproj", "{EBD04BE6-B449-4F17-82D2-ACC585B6E415}"
EndProject
Global
	GlobalSection(SolutionConfigurationPlatforms) = preSolution
		Debug|Any CPU = Debug|Any CPU
		Release|Any CPU = Release|Any CPU
	EndGlobalSection
	GlobalSection(ProjectConfigurationPlatforms) = postSolution
		{EBD04BE6-B449-4F17-82D2-ACC585B6E415}.Debug|Any CPU.ActiveCfg = Debug|Any CPU
		{EBD04BE6-B449-4F17-82D2-ACC585B6E415}.Debug|Any CPU.Build.0 = Debug|Any CPU
		{EBD04BE6-B449-4F17-82D2-ACC585B6E415}.Release|Any CPU.ActiveCfg = Release|Any CPU
		{EBD04BE6-B449-4F17-82D2-ACC585B6E415}.Release|Any CPU.Build.0 = Release|Any CPU
	EndGlobalSection
	GlobalSection(SolutionProperties) = preSolution
		HideSolutionNode = FALSE
	EndGlobalSection
	GlobalSection(ExtensibilityGlobals) = postSolution
		SolutionGuid = {FFBAA91A-E01F-40BF-BEC8-708CCA86C785}
	EndGlobalSection
EndGlobal
