
Microsoft Visual Studio Solution File, Format Version 12.00
# Visual Studio Version 16
VisualStudioVersion = 16.0.29926.136
MinimumVisualStudioVersion = 10.0.40219.1
Project("{FAE04EC0-301F-11D3-BF4B-00C04F79EFBC}") = "ValuesInKeyWithCountValue", "ValuesInKeyWithCountValue\ValuesInKeyWithCountValue.csproj", "{FA03DED1-4FB9-47DB-BE49-F8CA8D9A5CB0}"
EndProject
Global
	GlobalSection(SolutionConfigurationPlatforms) = preSolution
		Debug|Any CPU = Debug|Any CPU
		Release|Any CPU = Release|Any CPU
	EndGlobalSection
	GlobalSection(ProjectConfigurationPlatforms) = postSolution
		{FA03DED1-4FB9-47DB-BE49-F8CA8D9A5CB0}.Debug|Any CPU.ActiveCfg = Debug|Any CPU
		{FA03DED1-4FB9-47DB-BE49-F8CA8D9A5CB0}.Debug|Any CPU.Build.0 = Debug|Any CPU
		{FA03DED1-4FB9-47DB-BE49-F8CA8D9A5CB0}.Release|Any CPU.ActiveCfg = Release|Any CPU
		{FA03DED1-4FB9-47DB-BE49-F8CA8D9A5CB0}.Release|Any CPU.Build.0 = Release|Any CPU
	EndGlobalSection
	GlobalSection(SolutionProperties) = preSolution
		HideSolutionNode = FALSE
	EndGlobalSection
	GlobalSection(ExtensibilityGlobals) = postSolution
		SolutionGuid = {39A9C54D-69AE-44D0-BFA2-8161EB69E54F}
	EndGlobalSection
EndGlobal
